
Microsoft Visual Studio Solution File, Format Version 12.00
# Visual Studio 15
VisualStudioVersion = 15.0.28010.2003
MinimumVisualStudioVersion = 10.0.40219.1
Project("{FAE04EC0-301F-11D3-BF4B-00C04F79EFBC}") = "RPSLStest", "RPSLStest\RPSLStest.csproj", "{BCBE25A2-F4B2-4EE5-8516-606859AA94A0}"
EndProject
Global
	GlobalSection(SolutionConfigurationPlatforms) = preSolution
		Debug|Any CPU = Debug|Any CPU
		Release|Any CPU = Release|Any CPU
	EndGlobalSection
	GlobalSection(ProjectConfigurationPlatforms) = postSolution
		{BCBE25A2-F4B2-4EE5-8516-606859AA94A0}.Debug|Any CPU.ActiveCfg = Debug|Any CPU
		{BCBE25A2-F4B2-4EE5-8516-606859AA94A0}.Debug|Any CPU.Build.0 = Debug|Any CPU
		{BCBE25A2-F4B2-4EE5-8516-606859AA94A0}.Release|Any CPU.ActiveCfg = Release|Any CPU
		{BCBE25A2-F4B2-4EE5-8516-606859AA94A0}.Release|Any CPU.Build.0 = Release|Any CPU
	EndGlobalSection
	GlobalSection(SolutionProperties) = preSolution
		HideSolutionNode = FALSE
	EndGlobalSection
	GlobalSection(ExtensibilityGlobals) = postSolution
		SolutionGuid = {AAA4D3C3-8AEE-4FDF-8100-6915C1C011DE}
	EndGlobalSection
EndGlobal
